Microsoft Visual Studio Solution File, Format Version 11.00
# Visual Studio 2010
Project("{FAE04EC0-301F-11D3-BF4B-00C04F79EFBC}") = "Assembly-CSharp", "Assembly-CSharp.csproj", "{76E675E3-98C8-B7D4-59B2-683BCBAD0D92}"
EndProject
Global
	GlobalSection(SolutionConfigurationPlatforms) = preSolution
		Debug|Any CPU = Debug|Any CPU
		Release|Any CPU = Release|Any CPU
	EndGlobalSection
	GlobalSection(ProjectConfigurationPlatforms) = postSolution
		{76E675E3-98C8-B7D4-59B2-683BCBAD0D92}.Debug|Any CPU.ActiveCfg = Debug|Any CPU
		{76E675E3-98C8-B7D4-59B2-683BCBAD0D92}.Debug|Any CPU.Build.0 = Debug|Any CPU
		{76E675E3-98C8-B7D4-59B2-683BCBAD0D92}.Release|Any CPU.ActiveCfg = Release|Any CPU
		{76E675E3-98C8-B7D4-59B2-683BCBAD0D92}.Release|Any CPU.Build.0 = Release|Any CPU
	EndGlobalSection
	GlobalSection(SolutionProperties) = preSolution
		HideSolutionNode = FALSE
	EndGlobalSection
EndGlobal
